
Microsoft Visual Studio Solution File, Format Version 12.00
Project("{FAE04EC0-301F-11D3-BF4B-00C04F79EFBC}") = "ECommerceApi", "ECommerceApi\ECommerceApi.csproj", "{DF462253-CFBC-41DD-AF7B-CB30A1555D32}"
EndProject
Global
	GlobalSection(SolutionConfigurationPlatforms) = preSolution
		Debug|Any CPU = Debug|Any CPU
		Release|Any CPU = Release|Any CPU
	EndGlobalSection
	GlobalSection(ProjectConfigurationPlatforms) = postSolution
		{DF462253-CFBC-41DD-AF7B-CB30A1555D32}.Debug|Any CPU.ActiveCfg = Debug|Any CPU
		{DF462253-CFBC-41DD-AF7B-CB30A1555D32}.Debug|Any CPU.Build.0 = Debug|Any CPU
		{DF462253-CFBC-41DD-AF7B-CB30A1555D32}.Release|Any CPU.ActiveCfg = Release|Any CPU
		{DF462253-CFBC-41DD-AF7B-CB30A1555D32}.Release|Any CPU.Build.0 = Release|Any CPU
	EndGlobalSection
EndGlobal
